<Solution>
  <Configurations>
    <Platform Name="x64" />
    <Platform Name="x86" />
  </Configurations>
  <Project Path="../LAB3PART1/LAB3.vcxproj" Id="8f65716c-71a4-45e9-abdd-ce07176feb48" />
  <Project Path="../LAB3PART2/LAB3PART2.vcxproj" Id="e1c20e20-bf85-4ad4-8718-d3d62eb8c5a4" />
  <Project Path="../Module6/Module6.vcxproj" Id="3a6e796a-5193-44ce-9a9c-2cf30fb43998" />
  <Project Path="Lab3Analysis/Lab3Analysis.vcxproj" Id="25cee0eb-5424-4469-bda8-f168b26d3071" />
</Solution>
